
Microsoft Visual Studio Solution File, Format Version 12.00
# Visual Studio 15
VisualStudioVersion = 15.0.28307.421
MinimumVisualStudioVersion = 10.0.40219.1
Project("{FAE04EC0-301F-11D3-BF4B-00C04F79EFBC}") = "1. Lost", "1. Lost\1. Lost.csproj", "{C780F996-6EF9-4BAA-ADBD-25E9AD670511}"
EndProject
Project("{FAE04EC0-301F-11D3-BF4B-00C04F79EFBC}") = "2. Word Frequency", "..\..\2. Word Frequency\2. Word Frequency\2. Word Frequency.csproj", "{F4BFFB2A-C74A-4A85-844D-AEDCC0992036}"
EndProject
Project("{FAE04EC0-301F-11D3-BF4B-00C04F79EFBC}") = "3. Dynamic Array", "..\..\3. Dynamic Array\3. Dynamic Array\3. Dynamic Array.csproj", "{99160194-AAD7-4F8C-87F1-31177F2C59FA}"
EndProject
Global
	GlobalSection(SolutionConfigurationPlatforms) = preSolution
		Debug|Any CPU = Debug|Any CPU
		Release|Any CPU = Release|Any CPU
	EndGlobalSection
	GlobalSection(ProjectConfigurationPlatforms) = postSolution
		{C780F996-6EF9-4BAA-ADBD-25E9AD670511}.Debug|Any CPU.ActiveCfg = Debug|Any CPU
		{C780F996-6EF9-4BAA-ADBD-25E9AD670511}.Debug|Any CPU.Build.0 = Debug|Any CPU
		{C780F996-6EF9-4BAA-ADBD-25E9AD670511}.Release|Any CPU.ActiveCfg = Release|Any CPU
		{C780F996-6EF9-4BAA-ADBD-25E9AD670511}.Release|Any CPU.Build.0 = Release|Any CPU
		{F4BFFB2A-C74A-4A85-844D-AEDCC0992036}.Debug|Any CPU.ActiveCfg = Debug|Any CPU
		{F4BFFB2A-C74A-4A85-844D-AEDCC0992036}.Debug|Any CPU.Build.0 = Debug|Any CPU
		{F4BFFB2A-C74A-4A85-844D-AEDCC0992036}.Release|Any CPU.ActiveCfg = Release|Any CPU
		{F4BFFB2A-C74A-4A85-844D-AEDCC0992036}.Release|Any CPU.Build.0 = Release|Any CPU
		{99160194-AAD7-4F8C-87F1-31177F2C59FA}.Debug|Any CPU.ActiveCfg = Debug|Any CPU
		{99160194-AAD7-4F8C-87F1-31177F2C59FA}.Debug|Any CPU.Build.0 = Debug|Any CPU
		{99160194-AAD7-4F8C-87F1-31177F2C59FA}.Release|Any CPU.ActiveCfg = Release|Any CPU
		{99160194-AAD7-4F8C-87F1-31177F2C59FA}.Release|Any CPU.Build.0 = Release|Any CPU
	EndGlobalSection
	GlobalSection(SolutionProperties) = preSolution
		HideSolutionNode = FALSE
	EndGlobalSection
	GlobalSection(ExtensibilityGlobals) = postSolution
		SolutionGuid = {B8E02BB2-9712-4C94-96E3-1BF24B6B0861}
	EndGlobalSection
EndGlobal
